
Microsoft Visual Studio Solution File, Format Version 12.00
# Visual Studio Version 16
VisualStudioVersion = 16.0.31515.178
MinimumVisualStudioVersion = 10.0.40219.1
Project("{FAE04EC0-301F-11D3-BF4B-00C04F79EFBC}") = "ChatAppAPI", "ChatAppAPI\ChatAppAPI.csproj", "{B258E3D8-A073-4303-BF31-5EA29341688B}"
EndProject
Global
	GlobalSection(SolutionConfigurationPlatforms) = preSolution
		Debug|Any CPU = Debug|Any CPU
		Release|Any CPU = Release|Any CPU
	EndGlobalSection
	GlobalSection(ProjectConfigurationPlatforms) = postSolution
		{B258E3D8-A073-4303-BF31-5EA29341688B}.Debug|Any CPU.ActiveCfg = Debug|Any CPU
		{B258E3D8-A073-4303-BF31-5EA29341688B}.Debug|Any CPU.Build.0 = Debug|Any CPU
		{B258E3D8-A073-4303-BF31-5EA29341688B}.Release|Any CPU.ActiveCfg = Release|Any CPU
		{B258E3D8-A073-4303-BF31-5EA29341688B}.Release|Any CPU.Build.0 = Release|Any CPU
	EndGlobalSection
	GlobalSection(SolutionProperties) = preSolution
		HideSolutionNode = FALSE
	EndGlobalSection
	GlobalSection(ExtensibilityGlobals) = postSolution
		SolutionGuid = {48DB9839-60E2-4389-8483-D17538D59D56}
	EndGlobalSection
EndGlobal
